
Microsoft Visual Studio Solution File, Format Version 12.00
# Visual Studio Version 16
VisualStudioVersion = 16.0.29306.81
MinimumVisualStudioVersion = 10.0.40219.1
Project("{FAE04EC0-301F-11D3-BF4B-00C04F79EFBC}") = "XwSMTPTest", "XwSMTPTest\XwSMTPTest.csproj", "{F603CEDB-4899-495D-93A6-F9CB7D4BE484}"
EndProject
Global
	GlobalSection(SolutionConfigurationPlatforms) = preSolution
		Debug|Any CPU = Debug|Any CPU
		Release|Any CPU = Release|Any CPU
	EndGlobalSection
	GlobalSection(ProjectConfigurationPlatforms) = postSolution
		{F603CEDB-4899-495D-93A6-F9CB7D4BE484}.Debug|Any CPU.ActiveCfg = Debug|Any CPU
		{F603CEDB-4899-495D-93A6-F9CB7D4BE484}.Debug|Any CPU.Build.0 = Debug|Any CPU
		{F603CEDB-4899-495D-93A6-F9CB7D4BE484}.Release|Any CPU.ActiveCfg = Release|Any CPU
		{F603CEDB-4899-495D-93A6-F9CB7D4BE484}.Release|Any CPU.Build.0 = Release|Any CPU
	EndGlobalSection
	GlobalSection(SolutionProperties) = preSolution
		HideSolutionNode = FALSE
	EndGlobalSection
	GlobalSection(ExtensibilityGlobals) = postSolution
		SolutionGuid = {648C8966-5648-476D-810F-FFA5A0A386CB}
	EndGlobalSection
EndGlobal
